PODS:
  - AFNetworking (1.3.4)
  - AYVibrantButton (1.0.3)
  - ISO8601DateFormatterValueTransformer (0.6.0):
    - RKValueTransformers (~> 1.1.0)
  - NSDate-Time-Ago (1.0.1)
  - RestKit (0.24.1):
    - RestKit/Core (= 0.24.1)
  - RestKit/Core (0.24.1):
    - RestKit/CoreData
    - RestKit/Network
    - RestKit/ObjectMapping
  - RestKit/CoreData (0.24.1):
    - RestKit/ObjectMapping
  - RestKit/Network (0.24.1):
    - AFNetworking (~> 1.3.0)
    - RestKit/ObjectMapping
    - RestKit/Support
    - SOCKit
  - RestKit/ObjectMapping (0.24.1):
    - ISO8601DateFormatterValueTransformer (~> 0.6.0)
    - RestKit/Support
    - RKValueTransformers (~> 1.1.0)
  - RestKit/Support (0.24.1):
    - TransitionKit (~> 2.1.0)
  - RKValueTransformers (1.1.2)
  - SDWebImage (3.7.2):
    - SDWebImage/Core (= 3.7.2)
  - SDWebImage/Core (3.7.2)
  - SlackTextViewController (1.5):
    - SlackTextViewController/Additions (= 1.5)
  - SlackTextViewController/Additions (1.5)
  - SocketRocket (0.2.0)
  - SOCKit (1.1)
  - TransitionKit (2.1.1)
  - URBMediaFocusViewController (0.5.8)

DEPENDENCIES:
  - AYVibrantButton
  - NSDate-Time-Ago
  - RestKit (~> 0.24.1)
  - SDWebImage (~> 3.7)
  - SlackTextViewController
  - SocketRocket
  - URBMediaFocusViewController

SPEC CHECKSUMS:
  AFNetworking: cf8e418e16f0c9c7e5c3150d019a3c679d015018
  AYVibrantButton: 7cc5b2c74f6f6a0a52d5b0db361a9d3b755bc448
  ISO8601DateFormatterValueTransformer: 3ac3a721381697cab4e792d8049ce2f2e9ad3036
  NSDate-Time-Ago: e9de167d0659ebe465c273e833e7b582f061fc41
  RestKit: 1987b5efef289c6b27bd980714d6ca48d3871b78
  RKValueTransformers: 66ac5e4f077fdbe3496e792d89eeff4c3eb67701
  SDWebImage: 71b7cdc1d1721d6a82ed62889030225f2c249e29
  SlackTextViewController: 4a1797ac2f3616dbd37435fc62da655e61399cdd
  SocketRocket: 54a4ac2f354c4e8c51ef5dcd4a13bc556d4f2b7c
  SOCKit: c7376ac262bea9115b8f749358f762522a47d392
  TransitionKit: 3a14b6acc7cf2d1dd3e454e24dbad1cfab9a1ef1
  URBMediaFocusViewController: 21618bda6290f74b2767059e983f3a7f4f3e8cd1

COCOAPODS: 0.35.0
